
Microsoft Visual Studio Solution File, Format Version 12.00
# Visual Studio Version 17
VisualStudioVersion = 17.13.35931.197 d17.13
MinimumVisualStudioVersion = 10.0.40219.1
Project("{FAE04EC0-301F-11D3-BF4B-00C04F79EFBC}") = "EstoqueVinheriaAgnello", "EstoqueVinheriaAgnello.csproj", "{8322AD3B-641F-4642-A471-64CBC924325E}"
EndProject
Global
	GlobalSection(SolutionConfigurationPlatforms) = preSolution
		Debug|Any CPU = Debug|Any CPU
		Release|Any CPU = Release|Any CPU
	EndGlobalSection
	GlobalSection(ProjectConfigurationPlatforms) = postSolution
		{8322AD3B-641F-4642-A471-64CBC924325E}.Debug|Any CPU.ActiveCfg = Debug|Any CPU
		{8322AD3B-641F-4642-A471-64CBC924325E}.Debug|Any CPU.Build.0 = Debug|Any CPU
		{8322AD3B-641F-4642-A471-64CBC924325E}.Release|Any CPU.ActiveCfg = Release|Any CPU
		{8322AD3B-641F-4642-A471-64CBC924325E}.Release|Any CPU.Build.0 = Release|Any CPU
	EndGlobalSection
	GlobalSection(SolutionProperties) = preSolution
		HideSolutionNode = FALSE
	EndGlobalSection
	GlobalSection(ExtensibilityGlobals) = postSolution
		SolutionGuid = {02BA19BC-B648-480E-9FA7-B71152477DE0}
	EndGlobalSection
EndGlobal
